// !$*UTF8*$!
{
	archiveVersion = 1;
	classes = {
	};
	objectVersion = 50;
	objects = {

/* Begin PBXBuildFile section */
		BC4C5CBE24A98389007D8A1F /* AppDelegate.m in Sources */ = {isa = PBXBuildFile; fileRef = BC4C5CBD24A98389007D8A1F /* AppDelegate.m */; };
		BC4C5CC124A98389007D8A1F /* SceneDelegate.m in Sources */ = {isa = PBXBuildFile; fileRef = BC4C5CC024A98389007D8A1F /* SceneDelegate.m */; };
		BC4C5CC424A9838A007D8A1F /* ViewController.m in Sources */ = {isa = PBXBuildFile; fileRef = BC4C5CC324A98389007D8A1F /* ViewController.m */; };
		BC4C5CC724A9838A007D8A1F /* Main.storyboard in Resources */ = {isa = PBXBuildFile; fileRef = BC4C5CC524A9838A007D8A1F /* Main.storyboard */; };
		BC4C5CC924A98390007D8A1F /* Assets.xcassets in Resources */ = {isa = PBXBuildFile; fileRef = BC4C5CC824A98390007D8A1F /* Assets.xcassets */; };
		BC4C5CCC24A98390007D8A1F /* LaunchScreen.storyboard in Resources */ = {isa = PBXBuildFile; fileRef = BC4C5CCA24A98390007D8A1F /* LaunchScreen.storyboard */; };
		BC4C5CCF24A98390007D8A1F /* main.m in Sources */ = {isa = PBXBuildFile; fileRef = BC4C5CCE24A98390007D8A1F /* main.m */; };
		BC4C5CD924A98391007D8A1F /* YiLiaoDaoDiTests.m in Sources */ = {isa = PBXBuildFile; fileRef = BC4C5CD824A98391007D8A1F /* YiLiaoDaoDiTests.m */; };
		BC4C5CE424A98391007D8A1F /* YiLiaoDaoDiUITests.m in Sources */ = {isa = PBXBuildFile; fileRef = BC4C5CE324A98391007D8A1F /* YiLiaoDaoDiUITests.m */; };
/* End PBXBuildFile section */

/* Begin PBXContainerItemProxy section */
		BC4C5CD524A98391007D8A1F /* PBXContainerItemProxy */ = {
			isa = PBXContainerItemProxy;
			containerPortal = BC4C5CB124A98389007D8A1F /* Project object */;
			proxyType = 1;
			remoteGlobalIDString = BC4C5CB824A98389007D8A1F;
			remoteInfo = YiLiaoDaoDi;
		};
		BC4C5CE024A98391007D8A1F /* PBXContainerItemProxy */ = {
			isa = PBXContainerItemProxy;
			containerPortal = BC4C5CB124A98389007D8A1F /* Project object */;
			proxyType = 1;
			remoteGlobalIDString = BC4C5CB824A98389007D8A1F;
			remoteInfo = YiLiaoDaoDi;
		};
/* End PBXContainerItemProxy section */

/* Begin PBXFileReference section */
		BC4C5CB924A98389007D8A1F /* YiLiaoDaoDi.app */ = {isa = PBXFileReference; explicitFileType = wrapper.application; includeInIndex = 0; path = YiLiaoDaoDi.app; sourceTree = BUILT_PRODUCTS_DIR; };
		BC4C5CBC24A98389007D8A1F /* AppDelegate.h */ = {isa = PBXFileReference; lastKnownFileType = sourcecode.c.h; path = AppDelegate.h; sourceTree = "<group>"; };
		BC4C5CBD24A98389007D8A1F /* AppDelegate.m */ = {isa = PBXFileReference; lastKnownFileType = sourcecode.c.objc; path = AppDelegate.m; sourceTree = "<group>"; };
		BC4C5CBF24A98389007D8A1F /* SceneDelegate.h */ = {isa = PBXFileReference; lastKnownFileType = sourcecode.c.h; path = SceneDelegate.h; sourceTree = "<group>"; };
		BC4C5CC024A98389007D8A1F /* SceneDelegate.m */ = {isa = PBXFileReference; lastKnownFileType = sourcecode.c.objc; path = SceneDelegate.m; sourceTree = "<group>"; };
		BC4C5CC224A98389007D8A1F /* ViewController.h */ = {isa = PBXFileReference; lastKnownFileType = sourcecode.c.h; path = ViewController.h; sourceTree = "<group>"; };
		BC4C5CC324A98389007D8A1F /* ViewController.m */ = {isa = PBXFileReference; lastKnownFileType = sourcecode.c.objc; path = ViewController.m; sourceTree = "<group>"; };
		BC4C5CC624A9838A007D8A1F /* Base */ = {isa = PBXFileReference; lastKnownFileType = file.storyboard; name = Base; path = Base.lproj/Main.storyboard; sourceTree = "<group>"; };
		BC4C5CC824A98390007D8A1F /* Assets.xcassets */ = {isa = PBXFileReference; lastKnownFileType = folder.assetcatalog; path = Assets.xcassets; sourceTree = "<group>"; };
		BC4C5CCB24A98390007D8A1F /* Base */ = {isa = PBXFileReference; lastKnownFileType = file.storyboard; name = Base; path = Base.lproj/LaunchScreen.storyboard; sourceTree = "<group>"; };
		BC4C5CCD24A98390007D8A1F /* Info.plist */ = {isa = PBXFileReference; lastKnownFileType = text.plist.xml; path = Info.plist; sourceTree = "<group>"; };
		BC4C5CCE24A98390007D8A1F /* main.m */ = {isa = PBXFileReference; lastKnownFileType = sourcecode.c.objc; path = main.m; sourceTree = "<group>"; };
		BC4C5CD424A98391007D8A1F /* YiLiaoDaoDiTests.xctest */ = {isa = PBXFileReference; explicitFileType = wrapper.cfbundle; includeInIndex = 0; path = YiLiaoDaoDiTests.xctest; sourceTree = BUILT_PRODUCTS_DIR; };
		BC4C5CD824A98391007D8A1F /* YiLiaoDaoDiTests.m */ = {isa = PBXFileReference; lastKnownFileType = sourcecode.c.objc; path = YiLiaoDaoDiTests.m; sourceTree = "<group>"; };
		BC4C5CDA24A98391007D8A1F /* Info.plist */ = {isa = PBXFileReference; lastKnownFileType = text.plist.xml; path = Info.plist; sourceTree = "<group>"; };
		BC4C5CDF24A98391007D8A1F /* YiLiaoDaoDiUITests.xctest */ = {isa = PBXFileReference; explicitFileType = wrapper.cfbundle; includeInIndex = 0; path = YiLiaoDaoDiUITests.xctest; sourceTree = BUILT_PRODUCTS_DIR; };
		BC4C5CE324A98391007D8A1F /* YiLiaoDaoDiUITests.m */ = {isa = PBXFileReference; lastKnownFileType = sourcecode.c.objc; path = YiLiaoDaoDiUITests.m; sourceTree = "<group>"; };
		BC4C5CE524A98391007D8A1F /* Info.plist */ = {isa = PBXFileReference; lastKnownFileType = text.plist.xml; path = Info.plist; sourceTree = "<group>"; };
/* End PBXFileReference section */

/* Begin PBXFrameworksBuildPhase section */
		BC4C5CB624A98389007D8A1F /* Frameworks */ = {
			isa = PBXFrameworksBuildPhase;
			buildActionMask = 2147483647;
			files = (
			);
			runOnlyForDeploymentPostprocessing = 0;
		};
		BC4C5CD124A98391007D8A1F /* Frameworks */ = {
			isa = PBXFrameworksBuildPhase;
			buildActionMask = 2147483647;
			files = (
			);
			runOnlyForDeploymentPostprocessing = 0;
		};
		BC4C5CDC24A98391007D8A1F /* Frameworks */ = {
			isa = PBXFrameworksBuildPhase;
			buildActionMask = 2147483647;
			files = (
			);
			runOnlyForDeploymentPostprocessing = 0;
		};
/* End PBXFrameworksBuildPhase section */

/* Begin PBXGroup section */
		BC4C5CB024A98389007D8A1F = {
			isa = PBXGroup;
			children = (
				BC4C5CBB24A98389007D8A1F /* YiLiaoDaoDi */,
				BC4C5CD724A98391007D8A1F /* YiLiaoDaoDiTests */,
				BC4C5CE224A98391007D8A1F /* YiLiaoDaoDiUITests */,
				BC4C5CBA24A98389007D8A1F /* Products */,
			);
			sourceTree = "<group>";
		};
		BC4C5CBA24A98389007D8A1F /* Products */ = {
			isa = PBXGroup;
			children = (
				BC4C5CB924A98389007D8A1F /* YiLiaoDaoDi.app */,
				BC4C5CD424A98391007D8A1F /* YiLiaoDaoDiTests.xctest */,
				BC4C5CDF24A98391007D8A1F /* YiLiaoDaoDiUITests.xctest */,
			);
			name = Products;
			sourceTree = "<group>";
		};
		BC4C5CBB24A98389007D8A1F /* YiLiaoDaoDi */ = {
			isa = PBXGroup;
			children = (
				BC4C5CBC24A98389007D8A1F /* AppDelegate.h */,
				BC4C5CBD24A98389007D8A1F /* AppDelegate.m */,
				BC4C5CBF24A98389007D8A1F /* SceneDelegate.h */,
				BC4C5CC024A98389007D8A1F /* SceneDelegate.m */,
				BC4C5CC224A98389007D8A1F /* ViewController.h */,
				BC4C5CC324A98389007D8A1F /* ViewController.m */,
				BC4C5CC524A9838A007D8A1F /* Main.storyboard */,
				BC4C5CC824A98390007D8A1F /* Assets.xcassets */,
				BC4C5CCA24A98390007D8A1F /* LaunchScreen.storyboard */,
				BC4C5CCD24A98390007D8A1F /* Info.plist */,
				BC4C5CCE24A98390007D8A1F /* main.m */,
			);
			path = YiLiaoDaoDi;
			sourceTree = "<group>";
		};
		BC4C5CD724A98391007D8A1F /* YiLiaoDaoDiTests */ = {
			isa = PBXGroup;
			children = (
				BC4C5CD824A98391007D8A1F /* YiLiaoDaoDiTests.m */,
				BC4C5CDA24A98391007D8A1F /* Info.plist */,
			);
			path = YiLiaoDaoDiTests;
			sourceTree = "<group>";
		};
		BC4C5CE224A98391007D8A1F /* YiLiaoDaoDiUITests */ = {
			isa = PBXGroup;
			children = (
				BC4C5CE324A98391007D8A1F /* YiLiaoDaoDiUITests.m */,
				BC4C5CE524A98391007D8A1F /* Info.plist */,
			);
			path = YiLiaoDaoDiUITests;
			sourceTree = "<group>";
		};
/* End PBXGroup section */

/* Begin PBXNativeTarget section */
		BC4C5CB824A98389007D8A1F /* YiLiaoDaoDi */ = {
			isa = PBXNativeTarget;
			buildConfigurationList = BC4C5CE824A98391007D8A1F /* Build configuration list for PBXNativeTarget "YiLiaoDaoDi" */;
			buildPhases = (
				BC4C5CB524A98389007D8A1F /* Sources */,
				BC4C5CB624A98389007D8A1F /* Frameworks */,
				BC4C5CB724A98389007D8A1F /* Resources */,
			);
			buildRules = (
			);
			dependencies = (
			);
			name = YiLiaoDaoDi;
			productName = YiLiaoDaoDi;
			productReference = BC4C5CB924A98389007D8A1F /* YiLiaoDaoDi.app */;
			productType = "com.apple.product-type.application";
		};
		BC4C5CD324A98391007D8A1F /* YiLiaoDaoDiTests */ = {
			isa = PBXNativeTarget;
			buildConfigurationList = BC4C5CEB24A98391007D8A1F /* Build configuration list for PBXNativeTarget "YiLiaoDaoDiTests" */;
			buildPhases = (
				BC4C5CD024A98391007D8A1F /* Sources */,
				BC4C5CD124A98391007D8A1F /* Frameworks */,
				BC4C5CD224A98391007D8A1F /* Resources */,
			);
			buildRules = (
			);
			dependencies = (
				BC4C5CD624A98391007D8A1F /* PBXTargetDependency */,
			);
			name = YiLiaoDaoDiTests;
			productName = YiLiaoDaoDiTests;
			productReference = BC4C5CD424A98391007D8A1F /* YiLiaoDaoDiTests.xctest */;
			productType = "com.apple.product-type.bundle.unit-test";
		};
		BC4C5CDE24A98391007D8A1F /* YiLiaoDaoDiUITests */ = {
			isa = PBXNativeTarget;
			buildConfigurationList = BC4C5CEE24A98391007D8A1F /* Build configuration list for PBXNativeTarget "YiLiaoDaoDiUITests" */;
			buildPhases = (
				BC4C5CDB24A98391007D8A1F /* Sources */,
				BC4C5CDC24A98391007D8A1F /* Frameworks */,
				BC4C5CDD24A98391007D8A1F /* Resources */,
			);
			buildRules = (
			);
			dependencies = (
				BC4C5CE124A98391007D8A1F /* PBXTargetDependency */,
			);
			name = YiLiaoDaoDiUITests;
			productName = YiLiaoDaoDiUITests;
			productReference = BC4C5CDF24A98391007D8A1F /* YiLiaoDaoDiUITests.xctest */;
			productType = "com.apple.product-type.bundle.ui-testing";
		};
/* End PBXNativeTarget section */

/* Begin PBXProject section */
		BC4C5CB124A98389007D8A1F /* Project object */ = {
			isa = PBXProject;
			attributes = {
				LastUpgradeCheck = 1140;
				ORGANIZATIONNAME = QiXia;
				TargetAttributes = {
					BC4C5CB824A98389007D8A1F = {
						CreatedOnToolsVersion = 11.4.1;
					};
					BC4C5CD324A98391007D8A1F = {
						CreatedOnToolsVersion = 11.4.1;
						TestTargetID = BC4C5CB824A98389007D8A1F;
					};
					BC4C5CDE24A98391007D8A1F = {
						CreatedOnToolsVersion = 11.4.1;
						TestTargetID = BC4C5CB824A98389007D8A1F;
					};
				};
			};
			buildConfigurationList = BC4C5CB424A98389007D8A1F /* Build configuration list for PBXProject "YiLiaoDaoDi" */;
			compatibilityVersion = "Xcode 9.3";
			developmentRegion = en;
			hasScannedForEncodings = 0;
			knownRegions = (
				en,
				Base,
			);
			mainGroup = BC4C5CB024A98389007D8A1F;
			productRefGroup = BC4C5CBA24A98389007D8A1F /* Products */;
			projectDirPath = "";
			projectRoot = "";
			targets = (
				BC4C5CB824A98389007D8A1F /* YiLiaoDaoDi */,
				BC4C5CD324A98391007D8A1F /* YiLiaoDaoDiTests */,
				BC4C5CDE24A98391007D8A1F /* YiLiaoDaoDiUITests */,
			);
		};
/* End PBXProject section */

/* Begin PBXResourcesBuildPhase section */
		BC4C5CB724A98389007D8A1F /* Resources */ = {
			isa = PBXResourcesBuildPhase;
			buildActionMask = 2147483647;
			files = (
				BC4C5CCC24A98390007D8A1F /* LaunchScreen.storyboard in Resources */,
				BC4C5CC924A98390007D8A1F /* Assets.xcassets in Resources */,
				BC4C5CC724A9838A007D8A1F /* Main.storyboard in Resources */,
			);
			runOnlyForDeploymentPostprocessing = 0;
		};
		BC4C5CD224A98391007D8A1F /* Resources */ = {
			isa = PBXResourcesBuildPhase;
			buildActionMask = 2147483647;
			files = (
			);
			runOnlyForDeploymentPostprocessing = 0;
		};
		BC4C5CDD24A98391007D8A1F /* Resources */ = {
			isa = PBXResourcesBuildPhase;
			buildActionMask = 2147483647;
			files = (
			);
			runOnlyForDeploymentPostprocessing = 0;
		};
/* End PBXResourcesBuildPhase section */

/* Begin PBXSourcesBuildPhase section */
		BC4C5CB524A98389007D8A1F /* Sources */ = {
			isa = PBXSourcesBuildPhase;
			buildActionMask = 2147483647;
			files = (
				BC4C5CC424A9838A007D8A1F /* ViewController.m in Sources */,
				BC4C5CBE24A98389007D8A1F /* AppDelegate.m in Sources */,
				BC4C5CCF24A98390007D8A1F /* main.m in Sources */,
				BC4C5CC124A98389007D8A1F /* SceneDelegate.m in Sources */,
			);
			runOnlyForDeploymentPostprocessing = 0;
		};
		BC4C5CD024A98391007D8A1F /* Sources */ = {
			isa = PBXSourcesBuildPhase;
			buildActionMask = 2147483647;
			files = (
				BC4C5CD924A98391007D8A1F /* YiLiaoDaoDiTests.m in Sources */,
			);
			runOnlyForDeploymentPostprocessing = 0;
		};
		BC4C5CDB24A98391007D8A1F /* Sources */ = {
			isa = PBXSourcesBuildPhase;
			buildActionMask = 2147483647;
			files = (
				BC4C5CE424A98391007D8A1F /* YiLiaoDaoDiUITests.m in Sources */,
			);
			runOnlyForDeploymentPostprocessing = 0;
		};
/* End PBXSourcesBuildPhase section */

/* Begin PBXTargetDependency section */
		BC4C5CD624A98391007D8A1F /* PBXTargetDependency */ = {
			isa = PBXTargetDependency;
			target = BC4C5CB824A98389007D8A1F /* YiLiaoDaoDi */;
			targetProxy = BC4C5CD524A98391007D8A1F /* PBXContainerItemProxy */;
		};
		BC4C5CE124A98391007D8A1F /* PBXTargetDependency */ = {
			isa = PBXTargetDependency;
			target = BC4C5CB824A98389007D8A1F /* YiLiaoDaoDi */;
			targetProxy = BC4C5CE024A98391007D8A1F /* PBXContainerItemProxy */;
		};
/* End PBXTargetDependency section */

/* Begin PBXVariantGroup section */
		BC4C5CC524A9838A007D8A1F /* Main.storyboard */ = {
			isa = PBXVariantGroup;
			children = (
				BC4C5CC624A9838A007D8A1F /* Base */,
			);
			name = Main.storyboard;
			sourceTree = "<group>";
		};
		BC4C5CCA24A98390007D8A1F /* LaunchScreen.storyboard */ = {
			isa = PBXVariantGroup;
			children = (
				BC4C5CCB24A98390007D8A1F /* Base */,
			);
			name = LaunchScreen.storyboard;
			sourceTree = "<group>";
		};
/* End PBXVariantGroup section */

/* Begin XCBuildConfiguration section */
		BC4C5CE624A98391007D8A1F /* Debug */ = {
			isa = XCBuildConfiguration;
			buildSettings = {
				ALWAYS_SEARCH_USER_PATHS = NO;
				CLANG_ANALYZER_NONNULL = YES;
				CLANG_ANALYZER_NUMBER_OBJECT_CONVERSION = YES_AGGRESSIVE;
				CLANG_CXX_LANGUAGE_STANDARD = "gnu++14";
				CLANG_CXX_LIBRARY = "libc++";
				CLANG_ENABLE_MODULES = YES;
				CLANG_ENABLE_OBJC_ARC = YES;
				CLANG_ENABLE_OBJC_WEAK = YES;
				CLANG_WARN_BLOCK_CAPTURE_AUTORELEASING = YES;
				CLANG_WARN_BOOL_CONVERSION = YES;
				CLANG_WARN_COMMA = YES;
				CLANG_WARN_CONSTANT_CONVERSION = YES;
				CLANG_WARN_DEPRECATED_OBJC_IMPLEMENTATIONS = YES;
				CLANG_WARN_DIRECT_OBJC_ISA_USAGE = YES_ERROR;
				CLANG_WARN_DOCUMENTATION_COMMENTS = YES;
				CLANG_WARN_EMPTY_BODY = YES;
				CLANG_WARN_ENUM_CONVERSION = YES;
				CLANG_WARN_INFINITE_RECURSION = YES;
				CLANG_WARN_INT_CONVERSION = YES;
				CLANG_WARN_NON_LITERAL_NULL_CONVERSION = YES;
				CLANG_WARN_OBJC_IMPLICIT_RETAIN_SELF = YES;
				CLANG_WARN_OBJC_LITERAL_CONVERSION = YES;
				CLANG_WARN_OBJC_ROOT_CLASS = YES_ERROR;
				CLANG_WARN_RANGE_LOOP_ANALYSIS = YES;
				CLANG_WARN_STRICT_PROTOTYPES = YES;
				CLANG_WARN_SUSPICIOUS_MOVE = YES;
				CLANG_WARN_UNGUARDED_AVAILABILITY = YES_AGGRESSIVE;
				CLANG_WARN_UNREACHABLE_CODE = YES;
				CLANG_WARN__DUPLICATE_METHOD_MATCH = YES;
				COPY_PHASE_STRIP = NO;
				DEBUG_INFORMATION_FORMAT = dwarf;
				ENABLE_STRICT_OBJC_MSGSEND = YES;
				ENABLE_TESTABILITY = YES;
				GCC_C_LANGUAGE_STANDARD = gnu11;
				GCC_DYNAMIC_NO_PIC = NO;
				GCC_NO_COMMON_BLOCKS = YES;
				GCC_OPTIMIZATION_LEVEL = 0;
				GCC_PREPROCESSOR_DEFINITIONS = (
					"DEBUG=1",
					"$(inherited)",
				);
				GCC_WARN_64_TO_32_BIT_CONVERSION = YES;
				GCC_WARN_ABOUT_RETURN_TYPE = YES_ERROR;
				GCC_WARN_UNDECLARED_SELECTOR = YES;
				GCC_WARN_UNINITIALIZED_AUTOS = YES_AGGRESSIVE;
				GCC_WARN_UNUSED_FUNCTION = YES;
				GCC_WARN_UNUSED_VARIABLE = YES;
				IPHONEOS_DEPLOYMENT_TARGET = 13.4;
				MTL_ENABLE_DEBUG_INFO = INCLUDE_SOURCE;
				MTL_FAST_MATH = YES;
				ONLY_ACTIVE_ARCH = YES;
				SDKROOT = iphoneos;
			};
			name = Debug;
		};
		BC4C5CE724A98391007D8A1F /* Release */ = {
			isa = XCBuildConfiguration;
			buildSettings = {
				ALWAYS_SEARCH_USER_PATHS = NO;
				CLANG_ANALYZER_NONNULL = YES;
				CLANG_ANALYZER_NUMBER_OBJECT_CONVERSION = YES_AGGRESSIVE;
				CLANG_CXX_LANGUAGE_STANDARD = "gnu++14";
				CLANG_CXX_LIBRARY = "libc++";
				CLANG_ENABLE_MODULES = YES;
				CLANG_ENABLE_OBJC_ARC = YES;
				CLANG_ENABLE_OBJC_WEAK = YES;
				CLANG_WARN_BLOCK_CAPTURE_AUTORELEASING = YES;
				CLANG_WARN_BOOL_CONVERSION = YES;
				CLANG_WARN_COMMA = YES;
				CLANG_WARN_CONSTANT_CONVERSION = YES;
				CLANG_WARN_DEPRECATED_OBJC_IMPLEMENTATIONS = YES;
				CLANG_WARN_DIRECT_OBJC_ISA_USAGE = YES_ERROR;
				CLANG_WARN_DOCUMENTATION_COMMENTS = YES;
				CLANG_WARN_EMPTY_BODY = YES;
				CLANG_WARN_ENUM_CONVERSION = YES;
				CLANG_WARN_INFINITE_RECURSION = YES;
				CLANG_WARN_INT_CONVERSION = YES;
				CLANG_WARN_NON_LITERAL_NULL_CONVERSION = YES;
				CLANG_WARN_OBJC_IMPLICIT_RETAIN_SELF = YES;
				CLANG_WARN_OBJC_LITERAL_CONVERSION = YES;
				CLANG_WARN_OBJC_ROOT_CLASS = YES_ERROR;
				CLANG_WARN_RANGE_LOOP_ANALYSIS = YES;
				CLANG_WARN_STRICT_PROTOTYPES = YES;
				CLANG_WARN_SUSPICIOUS_MOVE = YES;
				CLANG_WARN_UNGUARDED_AVAILABILITY = YES_AGGRESSIVE;
				CLANG_WARN_UNREACHABLE_CODE = YES;
				CLANG_WARN__DUPLICATE_METHOD_MATCH = YES;
				COPY_PHASE_STRIP = NO;
				DEBUG_INFORMATION_FORMAT = "dwarf-with-dsym";
				ENABLE_NS_ASSERTIONS = NO;
				ENABLE_STRICT_OBJC_MSGSEND = YES;
				GCC_C_LANGUAGE_STANDARD = gnu11;
				GCC_NO_COMMON_BLOCKS = YES;
				GCC_WARN_64_TO_32_BIT_CONVERSION = YES;
				GCC_WARN_ABOUT_RETURN_TYPE = YES_ERROR;
				GCC_WARN_UNDECLARED_SELECTOR = YES;
				GCC_WARN_UNINITIALIZED_AUTOS = YES_AGGRESSIVE;
				GCC_WARN_UNUSED_FUNCTION = YES;
				GCC_WARN_UNUSED_VARIABLE = YES;
				IPHONEOS_DEPLOYMENT_TARGET = 13.4;
				MTL_ENABLE_DEBUG_INFO = NO;
				MTL_FAST_MATH = YES;
				SDKROOT = iphoneos;
				VALIDATE_PRODUCT = YES;
			};
			name = Release;
		};
		BC4C5CE924A98391007D8A1F /* Debug */ = {
			isa = XCBuildConfiguration;
			buildSettings = {
				ASSETCATALOG_COMPILER_APPICON_NAME = AppIcon;
				CODE_SIGN_STYLE = Automatic;
				INFOPLIST_FILE = YiLiaoDaoDi/Info.plist;
				LD_RUNPATH_SEARCH_PATHS = (
					"$(inherited)",
					"@executable_path/Frameworks",
				);
				PRODUCT_BUNDLE_IDENTIFIER = com.WuYingBuQuan.qxz.YiLiaoDaoDi;
				PRODUCT_NAME = "$(TARGET_NAME)";
				TARGETED_DEVICE_FAMILY = "1,2";
			};
			name = Debug;
		};
		BC4C5CEA24A98391007D8A1F /* Release */ = {
			isa = XCBuildConfiguration;
			buildSettings = {
				ASSETCATALOG_COMPILER_APPICON_NAME = AppIcon;
				CODE_SIGN_STYLE = Automatic;
				INFOPLIST_FILE = YiLiaoDaoDi/Info.plist;
				LD_RUNPATH_SEARCH_PATHS = (
					"$(inherited)",
					"@executable_path/Frameworks",
				);
				PRODUCT_BUNDLE_IDENTIFIER = com.WuYingBuQuan.qxz.YiLiaoDaoDi;
				PRODUCT_NAME = "$(TARGET_NAME)";
				TARGETED_DEVICE_FAMILY = "1,2";
			};
			name = Release;
		};
		BC4C5CEC24A98391007D8A1F /* Debug */ = {
			isa = XCBuildConfiguration;
			buildSettings = {
				BUNDLE_LOADER = "$(TEST_HOST)";
				CODE_SIGN_STYLE = Automatic;
				INFOPLIST_FILE = YiLiaoDaoDiTests/Info.plist;
				IPHONEOS_DEPLOYMENT_TARGET = 13.4;
				LD_RUNPATH_SEARCH_PATHS = (
					"$(inherited)",
					"@executable_path/Frameworks",
					"@loader_path/Frameworks",
				);
				PRODUCT_BUNDLE_IDENTIFIER = com.WuYingBuQuan.qxz.YiLiaoDaoDiTests;
				PRODUCT_NAME = "$(TARGET_NAME)";
				TARGETED_DEVICE_FAMILY = "1,2";
				TEST_HOST = "$(BUILT_PRODUCTS_DIR)/YiLiaoDaoDi.app/YiLiaoDaoDi";
			};
			name = Debug;
		};
		BC4C5CED24A98391007D8A1F /* Release */ = {
			isa = XCBuildConfiguration;
			buildSettings = {
				BUNDLE_LOADER = "$(TEST_HOST)";
				CODE_SIGN_STYLE = Automatic;
				INFOPLIST_FILE = YiLiaoDaoDiTests/Info.plist;
				IPHONEOS_DEPLOYMENT_TARGET = 13.4;
				LD_RUNPATH_SEARCH_PATHS = (
					"$(inherited)",
					"@executable_path/Frameworks",
					"@loader_path/Frameworks",
				);
				PRODUCT_BUNDLE_IDENTIFIER = com.WuYingBuQuan.qxz.YiLiaoDaoDiTests;
				PRODUCT_NAME = "$(TARGET_NAME)";
				TARGETED_DEVICE_FAMILY = "1,2";
				TEST_HOST = "$(BUILT_PRODUCTS_DIR)/YiLiaoDaoDi.app/YiLiaoDaoDi";
			};
			name = Release;
		};
		BC4C5CEF24A98391007D8A1F /* Debug */ = {
			isa = XCBuildConfiguration;
			buildSettings = {
				CODE_SIGN_STYLE = Automatic;
				INFOPLIST_FILE = YiLiaoDaoDiUITests/Info.plist;
				LD_RUNPATH_SEARCH_PATHS = (
					"$(inherited)",
					"@executable_path/Frameworks",
					"@loader_path/Frameworks",
				);
				PRODUCT_BUNDLE_IDENTIFIER = com.WuYingBuQuan.qxz.YiLiaoDaoDiUITests;
				PRODUCT_NAME = "$(TARGET_NAME)";
				TARGETED_DEVICE_FAMILY = "1,2";
				TEST_TARGET_NAME = YiLiaoDaoDi;
			};
			name = Debug;
		};
		BC4C5CF024A98391007D8A1F /* Release */ = {
			isa = XCBuildConfiguration;
			buildSettings = {
				CODE_SIGN_STYLE = Automatic;
				INFOPLIST_FILE = YiLiaoDaoDiUITests/Info.plist;
				LD_RUNPATH_SEARCH_PATHS = (
					"$(inherited)",
					"@executable_path/Frameworks",
					"@loader_path/Frameworks",
				);
				PRODUCT_BUNDLE_IDENTIFIER = com.WuYingBuQuan.qxz.YiLiaoDaoDiUITests;
				PRODUCT_NAME = "$(TARGET_NAME)";
				TARGETED_DEVICE_FAMILY = "1,2";
				TEST_TARGET_NAME = YiLiaoDaoDi;
			};
			name = Release;
		};
/* End XCBuildConfiguration section */

/* Begin XCConfigurationList section */
		BC4C5CB424A98389007D8A1F /* Build configuration list for PBXProject "YiLiaoDaoDi" */ = {
			isa = XCConfigurationList;
			buildConfigurations = (
				BC4C5CE624A98391007D8A1F /* Debug */,
				BC4C5CE724A98391007D8A1F /* Release */,
			);
			defaultConfigurationIsVisible = 0;
			defaultConfigurationName = Release;
		};
		BC4C5CE824A98391007D8A1F /* Build configuration list for PBXNativeTarget "YiLiaoDaoDi" */ = {
			isa = XCConfigurationList;
			buildConfigurations = (
				BC4C5CE924A98391007D8A1F /* Debug */,
				BC4C5CEA24A98391007D8A1F /* Release */,
			);
			defaultConfigurationIsVisible = 0;
			defaultConfigurationName = Release;
		};
		BC4C5CEB24A98391007D8A1F /* Build configuration list for PBXNativeTarget "YiLiaoDaoDiTests" */ = {
			isa = XCConfigurationList;
			buildConfigurations = (
				BC4C5CEC24A98391007D8A1F /* Debug */,
				BC4C5CED24A98391007D8A1F /* Release */,
			);
			defaultConfigurationIsVisible = 0;
			defaultConfigurationName = Release;
		};
		BC4C5CEE24A98391007D8A1F /* Build configuration list for PBXNativeTarget "YiLiaoDaoDiUITests" */ = {
			isa = XCConfigurationList;
			buildConfigurations = (
				BC4C5CEF24A98391007D8A1F /* Debug */,
				BC4C5CF024A98391007D8A1F /* Release */,
			);
			defaultConfigurationIsVisible = 0;
			defaultConfigurationName = Release;
		};
/* End XCConfigurationList section */
	};
	rootObject = BC4C5CB124A98389007D8A1F /* Project object */;
}
